// !$*UTF8*$!
{
	archiveVersion = 1;
	classes = {
	};
	objectVersion = 55;
	objects = {

/* Begin PBXBuildFile section */
		592118E427843BB200C13232 /* PTStationsApp.swift in Sources */ = {isa = PBXBuildFile; fileRef = 592118E327843BB200C13232 /* PTStationsApp.swift */; };
		592118E627843BB200C13232 /* ContentView.swift in Sources */ = {isa = PBXBuildFile; fileRef = 592118E527843BB200C13232 /* ContentView.swift */; };
		592118E827843BB300C13232 /* Assets.xcassets in Resources */ = {isa = PBXBuildFile; fileRef = 592118E727843BB300C13232 /* Assets.xcassets */; };
		592118EB27843BB300C13232 /* Preview Assets.xcassets in Resources */ = {isa = PBXBuildFile; fileRef = 592118EA27843BB300C13232 /* Preview Assets.xcassets */; };
		592118F42784408400C13232 /* CoreXLSX in Frameworks */ = {isa = PBXBuildFile; productRef = 592118F32784408400C13232 /* CoreXLSX */; };
		592118F62784422A00C13232 /* ImportViewModel.swift in Sources */ = {isa = PBXBuildFile; fileRef = 592118F52784422A00C13232 /* ImportViewModel.swift */; };
		592118F827846F6500C13232 /* StationCellView.swift in Sources */ = {isa = PBXBuildFile; fileRef = 592118F727846F6500C13232 /* StationCellView.swift */; };
		592118FB2784869100C13232 /* PortugalTrains in Frameworks */ = {isa = PBXBuildFile; productRef = 592118FA2784869100C13232 /* PortugalTrains */; };
		592119152784FEAC00C13232 /* SwiftSoup in Frameworks */ = {isa = PBXBuildFile; productRef = 592119142784FEAC00C13232 /* SwiftSoup */; };
/* End PBXBuildFile section */

/* Begin PBXFileReference section */
		592118E027843BB200C13232 /* PTStations.app */ = {isa = PBXFileReference; explicitFileType = wrapper.application; includeInIndex = 0; path = PTStations.app; sourceTree = BUILT_PRODUCTS_DIR; };
		592118E327843BB200C13232 /* PTStationsApp.swift */ = {isa = PBXFileReference; lastKnownFileType = sourcecode.swift; path = PTStationsApp.swift; sourceTree = "<group>"; };
		592118E527843BB200C13232 /* ContentView.swift */ = {isa = PBXFileReference; lastKnownFileType = sourcecode.swift; path = ContentView.swift; sourceTree = "<group>"; };
		592118E727843BB300C13232 /* Assets.xcassets */ = {isa = PBXFileReference; lastKnownFileType = folder.assetcatalog; path = Assets.xcassets; sourceTree = "<group>"; };
		592118EA27843BB300C13232 /* Preview Assets.xcassets */ = {isa = PBXFileReference; lastKnownFileType = folder.assetcatalog; path = "Preview Assets.xcassets"; sourceTree = "<group>"; };
		592118EC27843BB300C13232 /* PTStations.entitlements */ = {isa = PBXFileReference; lastKnownFileType = text.plist.entitlements; path = PTStations.entitlements; sourceTree = "<group>"; };
		592118F52784422A00C13232 /* ImportViewModel.swift */ = {isa = PBXFileReference; lastKnownFileType = sourcecode.swift; path = ImportViewModel.swift; sourceTree = "<group>"; };
		592118F727846F6500C13232 /* StationCellView.swift */ = {isa = PBXFileReference; lastKnownFileType = sourcecode.swift; path = StationCellView.swift; sourceTree = "<group>"; };
/* End PBXFileReference section */

/* Begin PBXFrameworksBuildPhase section */
		592118DD27843BB200C13232 /* Frameworks */ = {
			isa = PBXFrameworksBuildPhase;
			buildActionMask = 2147483647;
			files = (
				592118F42784408400C13232 /* CoreXLSX in Frameworks */,
				592118FB2784869100C13232 /* PortugalTrains in Frameworks */,
				592119152784FEAC00C13232 /* SwiftSoup in Frameworks */,
			);
			runOnlyForDeploymentPostprocessing = 0;
		};
/* End PBXFrameworksBuildPhase section */

/* Begin PBXGroup section */
		592118D727843BB200C13232 = {
			isa = PBXGroup;
			children = (
				592118E227843BB200C13232 /* PTStations */,
				592118E127843BB200C13232 /* Products */,
			);
			sourceTree = "<group>";
		};
		592118E127843BB200C13232 /* Products */ = {
			isa = PBXGroup;
			children = (
				592118E027843BB200C13232 /* PTStations.app */,
			);
			name = Products;
			sourceTree = "<group>";
		};
		592118E227843BB200C13232 /* PTStations */ = {
			isa = PBXGroup;
			children = (
				592118E327843BB200C13232 /* PTStationsApp.swift */,
				592118E527843BB200C13232 /* ContentView.swift */,
				592118E727843BB300C13232 /* Assets.xcassets */,
				592118EC27843BB300C13232 /* PTStations.entitlements */,
				592118E927843BB300C13232 /* Preview Content */,
				592118F52784422A00C13232 /* ImportViewModel.swift */,
				592118F727846F6500C13232 /* StationCellView.swift */,
			);
			path = PTStations;
			sourceTree = "<group>";
		};
		592118E927843BB300C13232 /* Preview Content */ = {
			isa = PBXGroup;
			children = (
				592118EA27843BB300C13232 /* Preview Assets.xcassets */,
			);
			path = "Preview Content";
			sourceTree = "<group>";
		};
/* End PBXGroup section */

/* Begin PBXNativeTarget section */
		592118DF27843BB200C13232 /* PTStations */ = {
			isa = PBXNativeTarget;
			buildConfigurationList = 592118EF27843BB300C13232 /* Build configuration list for PBXNativeTarget "PTStations" */;
			buildPhases = (
				592118DC27843BB200C13232 /* Sources */,
				592118DD27843BB200C13232 /* Frameworks */,
				592118DE27843BB200C13232 /* Resources */,
			);
			buildRules = (
			);
			dependencies = (
			);
			name = PTStations;
			packageProductDependencies = (
				592118F32784408400C13232 /* CoreXLSX */,
				592118FA2784869100C13232 /* PortugalTrains */,
				592119142784FEAC00C13232 /* SwiftSoup */,
			);
			productName = PTStations;
			productReference = 592118E027843BB200C13232 /* PTStations.app */;
			productType = "com.apple.product-type.application";
		};
/* End PBXNativeTarget section */

/* Begin PBXProject section */
		592118D827843BB200C13232 /* Project object */ = {
			isa = PBXProject;
			attributes = {
				BuildIndependentTargetsInParallel = 1;
				LastSwiftUpdateCheck = 1310;
				LastUpgradeCheck = 1310;
				TargetAttributes = {
					592118DF27843BB200C13232 = {
						CreatedOnToolsVersion = 13.1;
					};
				};
			};
			buildConfigurationList = 592118DB27843BB200C13232 /* Build configuration list for PBXProject "PTStations" */;
			compatibilityVersion = "Xcode 13.0";
			developmentRegion = en;
			hasScannedForEncodings = 0;
			knownRegions = (
				en,
				Base,
			);
			mainGroup = 592118D727843BB200C13232;
			packageReferences = (
				592118F22784408400C13232 /* XCRemoteSwiftPackageReference "CoreXLSX" */,
				592118F92784869100C13232 /* XCRemoteSwiftPackageReference "PortugalTrains" */,
				592119132784FEAC00C13232 /* XCRemoteSwiftPackageReference "SwiftSoup" */,
			);
			productRefGroup = 592118E127843BB200C13232 /* Products */;
			projectDirPath = "";
			projectRoot = "";
			targets = (
				592118DF27843BB200C13232 /* PTStations */,
			);
		};
/* End PBXProject section */

/* Begin PBXResourcesBuildPhase section */
		592118DE27843BB200C13232 /* Resources */ = {
			isa = PBXResourcesBuildPhase;
			buildActionMask = 2147483647;
			files = (
				592118EB27843BB300C13232 /* Preview Assets.xcassets in Resources */,
				592118E827843BB300C13232 /* Assets.xcassets in Resources */,
			);
			runOnlyForDeploymentPostprocessing = 0;
		};
/* End PBXResourcesBuildPhase section */

/* Begin PBXSourcesBuildPhase section */
		592118DC27843BB200C13232 /* Sources */ = {
			isa = PBXSourcesBuildPhase;
			buildActionMask = 2147483647;
			files = (
				592118E627843BB200C13232 /* ContentView.swift in Sources */,
				592118F827846F6500C13232 /* StationCellView.swift in Sources */,
				592118F62784422A00C13232 /* ImportViewModel.swift in Sources */,
				592118E427843BB200C13232 /* PTStationsApp.swift in Sources */,
			);
			runOnlyForDeploymentPostprocessing = 0;
		};
/* End PBXSourcesBuildPhase section */

/* Begin XCBuildConfiguration section */
		592118ED27843BB300C13232 /* Debug */ = {
			isa = XCBuildConfiguration;
			buildSettings = {
				ALWAYS_SEARCH_USER_PATHS = NO;
				CLANG_ANALYZER_NONNULL = YES;
				CLANG_ANALYZER_NUMBER_OBJECT_CONVERSION = YES_AGGRESSIVE;
				CLANG_CXX_LANGUAGE_STANDARD = "gnu++17";
				CLANG_CXX_LIBRARY = "libc++";
				CLANG_ENABLE_MODULES = YES;
				CLANG_ENABLE_OBJC_ARC = YES;
				CLANG_ENABLE_OBJC_WEAK = YES;
				CLANG_WARN_BLOCK_CAPTURE_AUTORELEASING = YES;
				CLANG_WARN_BOOL_CONVERSION = YES;
				CLANG_WARN_COMMA = YES;
				CLANG_WARN_CONSTANT_CONVERSION = YES;
				CLANG_WARN_DEPRECATED_OBJC_IMPLEMENTATIONS = YES;
				CLANG_WARN_DIRECT_OBJC_ISA_USAGE = YES_ERROR;
				CLANG_WARN_DOCUMENTATION_COMMENTS = YES;
				CLANG_WARN_EMPTY_BODY = YES;
				CLANG_WARN_ENUM_CONVERSION = YES;
				CLANG_WARN_INFINITE_RECURSION = YES;
				CLANG_WARN_INT_CONVERSION = YES;
				CLANG_WARN_NON_LITERAL_NULL_CONVERSION = YES;
				CLANG_WARN_OBJC_IMPLICIT_RETAIN_SELF = YES;
				CLANG_WARN_OBJC_LITERAL_CONVERSION = YES;
				CLANG_WARN_OBJC_ROOT_CLASS = YES_ERROR;
				CLANG_WARN_QUOTED_INCLUDE_IN_FRAMEWORK_HEADER = YES;
				CLANG_WARN_RANGE_LOOP_ANALYSIS = YES;
				CLANG_WARN_STRICT_PROTOTYPES = YES;
				CLANG_WARN_SUSPICIOUS_MOVE = YES;
				CLANG_WARN_UNGUARDED_AVAILABILITY = YES_AGGRESSIVE;
				CLANG_WARN_UNREACHABLE_CODE = YES;
				CLANG_WARN__DUPLICATE_METHOD_MATCH = YES;
				COPY_PHASE_STRIP = NO;
				DEBUG_INFORMATION_FORMAT = dwarf;
				ENABLE_STRICT_OBJC_MSGSEND = YES;
				ENABLE_TESTABILITY = YES;
				GCC_C_LANGUAGE_STANDARD = gnu11;
				GCC_DYNAMIC_NO_PIC = NO;
				GCC_NO_COMMON_BLOCKS = YES;
				GCC_OPTIMIZATION_LEVEL = 0;
				GCC_PREPROCESSOR_DEFINITIONS = (
					"DEBUG=1",
					"$(inherited)",
				);
				GCC_WARN_64_TO_32_BIT_CONVERSION = YES;
				GCC_WARN_ABOUT_RETURN_TYPE = YES_ERROR;
				GCC_WARN_UNDECLARED_SELECTOR = YES;
				GCC_WARN_UNINITIALIZED_AUTOS = YES_AGGRESSIVE;
				GCC_WARN_UNUSED_FUNCTION = YES;
				GCC_WARN_UNUSED_VARIABLE = YES;
				MACOSX_DEPLOYMENT_TARGET = 12.0;
				MTL_ENABLE_DEBUG_INFO = INCLUDE_SOURCE;
				MTL_FAST_MATH = YES;
				ONLY_ACTIVE_ARCH = YES;
				SDKROOT = macosx;
				SWIFT_ACTIVE_COMPILATION_CONDITIONS = DEBUG;
				SWIFT_OPTIMIZATION_LEVEL = "-Onone";
			};
			name = Debug;
		};
		592118EE27843BB300C13232 /* Release */ = {
			isa = XCBuildConfiguration;
			buildSettings = {
				ALWAYS_SEARCH_USER_PATHS = NO;
				CLANG_ANALYZER_NONNULL = YES;
				CLANG_ANALYZER_NUMBER_OBJECT_CONVERSION = YES_AGGRESSIVE;
				CLANG_CXX_LANGUAGE_STANDARD = "gnu++17";
				CLANG_CXX_LIBRARY = "libc++";
				CLANG_ENABLE_MODULES = YES;
				CLANG_ENABLE_OBJC_ARC = YES;
				CLANG_ENABLE_OBJC_WEAK = YES;
				CLANG_WARN_BLOCK_CAPTURE_AUTORELEASING = YES;
				CLANG_WARN_BOOL_CONVERSION = YES;
				CLANG_WARN_COMMA = YES;
				CLANG_WARN_CONSTANT_CONVERSION = YES;
				CLANG_WARN_DEPRECATED_OBJC_IMPLEMENTATIONS = YES;
				CLANG_WARN_DIRECT_OBJC_ISA_USAGE = YES_ERROR;
				CLANG_WARN_DOCUMENTATION_COMMENTS = YES;
				CLANG_WARN_EMPTY_BODY = YES;
				CLANG_WARN_ENUM_CONVERSION = YES;
				CLANG_WARN_INFINITE_RECURSION = YES;
				CLANG_WARN_INT_CONVERSION = YES;
				CLANG_WARN_NON_LITERAL_NULL_CONVERSION = YES;
				CLANG_WARN_OBJC_IMPLICIT_RETAIN_SELF = YES;
				CLANG_WARN_OBJC_LITERAL_CONVERSION = YES;
				CLANG_WARN_OBJC_ROOT_CLASS = YES_ERROR;
				CLANG_WARN_QUOTED_INCLUDE_IN_FRAMEWORK_HEADER = YES;
				CLANG_WARN_RANGE_LOOP_ANALYSIS = YES;
				CLANG_WARN_STRICT_PROTOTYPES = YES;
				CLANG_WARN_SUSPICIOUS_MOVE = YES;
				CLANG_WARN_UNGUARDED_AVAILABILITY = YES_AGGRESSIVE;
				CLANG_WARN_UNREACHABLE_CODE = YES;
				CLANG_WARN__DUPLICATE_METHOD_MATCH = YES;
				COPY_PHASE_STRIP = NO;
				DEBUG_INFORMATION_FORMAT = "dwarf-with-dsym";
				ENABLE_NS_ASSERTIONS = NO;
				ENABLE_STRICT_OBJC_MSGSEND = YES;
				GCC_C_LANGUAGE_STANDARD = gnu11;
				GCC_NO_COMMON_BLOCKS = YES;
				GCC_WARN_64_TO_32_BIT_CONVERSION = YES;
				GCC_WARN_ABOUT_RETURN_TYPE = YES_ERROR;
				GCC_WARN_UNDECLARED_SELECTOR = YES;
				GCC_WARN_UNINITIALIZED_AUTOS = YES_AGGRESSIVE;
				GCC_WARN_UNUSED_FUNCTION = YES;
				GCC_WARN_UNUSED_VARIABLE = YES;
				MACOSX_DEPLOYMENT_TARGET = 12.0;
				MTL_ENABLE_DEBUG_INFO = NO;
				MTL_FAST_MATH = YES;
				SDKROOT = macosx;
				SWIFT_COMPILATION_MODE = wholemodule;
				SWIFT_OPTIMIZATION_LEVEL = "-O";
			};
			name = Release;
		};
		592118F027843BB300C13232 /* Debug */ = {
			isa = XCBuildConfiguration;
			buildSettings = {
				ASSETCATALOG_COMPILER_APPICON_NAME = AppIcon;
				ASSETCATALOG_COMPILER_GLOBAL_ACCENT_COLOR_NAME = AccentColor;
				CODE_SIGN_ENTITLEMENTS = PTStations/PTStations.entitlements;
				CODE_SIGN_STYLE = Automatic;
				COMBINE_HIDPI_IMAGES = YES;
				CURRENT_PROJECT_VERSION = 1;
				DEVELOPMENT_ASSET_PATHS = "\"PTStations/Preview Content\"";
				DEVELOPMENT_TEAM = GE86H7RNX5;
				ENABLE_HARDENED_RUNTIME = YES;
				ENABLE_PREVIEWS = YES;
				GENERATE_INFOPLIST_FILE = YES;
				INFOPLIST_KEY_NSHumanReadableCopyright = "";
				LD_RUNPATH_SEARCH_PATHS = (
					"$(inherited)",
					"@executable_path/../Frameworks",
				);
				MARKETING_VERSION = 1.0;
				PRODUCT_BUNDLE_IDENTIFIER = org.zeroloop.PTStations;
				PRODUCT_NAME = "$(TARGET_NAME)";
				SWIFT_EMIT_LOC_STRINGS = YES;
				SWIFT_VERSION = 5.0;
			};
			name = Debug;
		};
		592118F127843BB300C13232 /* Release */ = {
			isa = XCBuildConfiguration;
			buildSettings = {
				ASSETCATALOG_COMPILER_APPICON_NAME = AppIcon;
				ASSETCATALOG_COMPILER_GLOBAL_ACCENT_COLOR_NAME = AccentColor;
				CODE_SIGN_ENTITLEMENTS = PTStations/PTStations.entitlements;
				CODE_SIGN_STYLE = Automatic;
				COMBINE_HIDPI_IMAGES = YES;
				CURRENT_PROJECT_VERSION = 1;
				DEVELOPMENT_ASSET_PATHS = "\"PTStations/Preview Content\"";
				DEVELOPMENT_TEAM = GE86H7RNX5;
				ENABLE_HARDENED_RUNTIME = YES;
				ENABLE_PREVIEWS = YES;
				GENERATE_INFOPLIST_FILE = YES;
				INFOPLIST_KEY_NSHumanReadableCopyright = "";
				LD_RUNPATH_SEARCH_PATHS = (
					"$(inherited)",
					"@executable_path/../Frameworks",
				);
				MARKETING_VERSION = 1.0;
				PRODUCT_BUNDLE_IDENTIFIER = org.zeroloop.PTStations;
				PRODUCT_NAME = "$(TARGET_NAME)";
				SWIFT_EMIT_LOC_STRINGS = YES;
				SWIFT_VERSION = 5.0;
			};
			name = Release;
		};
/* End XCBuildConfiguration section */

/* Begin XCConfigurationList section */
		592118DB27843BB200C13232 /* Build configuration list for PBXProject "PTStations" */ = {
			isa = XCConfigurationList;
			buildConfigurations = (
				592118ED27843BB300C13232 /* Debug */,
				592118EE27843BB300C13232 /* Release */,
			);
			defaultConfigurationIsVisible = 0;
			defaultConfigurationName = Release;
		};
		592118EF27843BB300C13232 /* Build configuration list for PBXNativeTarget "PTStations" */ = {
			isa = XCConfigurationList;
			buildConfigurations = (
				592118F027843BB300C13232 /* Debug */,
				592118F127843BB300C13232 /* Release */,
			);
			defaultConfigurationIsVisible = 0;
			defaultConfigurationName = Release;
		};
/* End XCConfigurationList section */

/* Begin XCRemoteSwiftPackageReference section */
		592118F22784408400C13232 /* XCRemoteSwiftPackageReference "CoreXLSX" */ = {
			isa = XCRemoteSwiftPackageReference;
			repositoryURL = "https://github.com/CoreOffice/CoreXLSX.git";
			requirement = {
				kind = upToNextMajorVersion;
				minimumVersion = 0.9.1;
			};
		};
		592118F92784869100C13232 /* XCRemoteSwiftPackageReference "PortugalTrains" */ = {
			isa = XCRemoteSwiftPackageReference;
			repositoryURL = "https://github.com/joaoc-pires/PortugalTrains";
			requirement = {
				kind = upToNextMajorVersion;
				minimumVersion = 0.1.0;
			};
		};
		592119132784FEAC00C13232 /* XCRemoteSwiftPackageReference "SwiftSoup" */ = {
			isa = XCRemoteSwiftPackageReference;
			repositoryURL = "https://github.com/scinfu/SwiftSoup.git";
			requirement = {
				kind = upToNextMajorVersion;
				minimumVersion = 2.0.0;
			};
		};
/* End XCRemoteSwiftPackageReference section */

/* Begin XCSwiftPackageProductDependency section */
		592118F32784408400C13232 /* CoreXLSX */ = {
			isa = XCSwiftPackageProductDependency;
			package = 592118F22784408400C13232 /* XCRemoteSwiftPackageReference "CoreXLSX" */;
			productName = CoreXLSX;
		};
		592118FA2784869100C13232 /* PortugalTrains */ = {
			isa = XCSwiftPackageProductDependency;
			package = 592118F92784869100C13232 /* XCRemoteSwiftPackageReference "PortugalTrains" */;
			productName = PortugalTrains;
		};
		592119142784FEAC00C13232 /* SwiftSoup */ = {
			isa = XCSwiftPackageProductDependency;
			package = 592119132784FEAC00C13232 /* XCRemoteSwiftPackageReference "SwiftSoup" */;
			productName = SwiftSoup;
		};
/* End XCSwiftPackageProductDependency section */
	};
	rootObject = 592118D827843BB200C13232 /* Project object */;
}
